
Microsoft Visual Studio Solution File, Format Version 12.00
# Visual Studio 2012
Project("{FAE04EC0-301F-11D3-BF4B-00C04F79EFBC}") = "Shtaker.VS2012-DNA", "Shtaker.VS2012-DNA\Shtaker.VS2012-DNA.csproj", "{C5E2EC1E-8253-481A-99C0-817658BD85E6}"
EndProject
Global
	GlobalSection(SolutionConfigurationPlatforms) = preSolution
		Debug|Any CPU = Debug|Any CPU
		Release|Any CPU = Release|Any CPU
	EndGlobalSection
	GlobalSection(ProjectConfigurationPlatforms) = postSolution
		{C5E2EC1E-8253-481A-99C0-817658BD85E6}.Debug|Any CPU.ActiveCfg = Debug|Any CPU
		{C5E2EC1E-8253-481A-99C0-817658BD85E6}.Debug|Any CPU.Build.0 = Debug|Any CPU
		{C5E2EC1E-8253-481A-99C0-817658BD85E6}.Release|Any CPU.ActiveCfg = Release|Any CPU
		{C5E2EC1E-8253-481A-99C0-817658BD85E6}.Release|Any CPU.Build.0 = Release|Any CPU
	EndGlobalSection
	GlobalSection(SolutionProperties) = preSolution
		HideSolutionNode = FALSE
	EndGlobalSection
EndGlobal
